PODS:
  - ChikaAssets (0.0.2)
  - Kingfisher (4.6.1)

DEPENDENCIES:
  - ChikaAssets
  - Kingfisher

SPEC CHECKSUMS:
  ChikaAssets: 00d783b7b1d4a85b49e80d85bb367186471f2bf0
  Kingfisher: 1f9157d9c02b380cbd0b7cc890161195164eb634

PODFILE CHECKSUM: fa6275f568fde4f90e5d7bde20fa7b9b4fd8dd4d

COCOAPODS: 1.4.0
